
Microsoft Visual Studio Solution File, Format Version 12.00
# Visual Studio 15
Project("{FAE04EC0-301F-11D3-BF4B-00C04F79EFBC}") = "myRazorPagesApp", "myRazorPagesApp\myRazorPagesApp.csproj", "{A55BC858-FD43-431B-AB9D-DBFF8AD90962}"
EndProject
Global
	GlobalSection(SolutionConfigurationPlatforms) = preSolution
		Debug|Any CPU = Debug|Any CPU
		Release|Any CPU = Release|Any CPU
	EndGlobalSection
	GlobalSection(ProjectConfigurationPlatforms) = postSolution
		{A55BC858-FD43-431B-AB9D-DBFF8AD90962}.Debug|Any CPU.ActiveCfg = Debug|Any CPU
		{A55BC858-FD43-431B-AB9D-DBFF8AD90962}.Debug|Any CPU.Build.0 = Debug|Any CPU
		{A55BC858-FD43-431B-AB9D-DBFF8AD90962}.Release|Any CPU.ActiveCfg = Release|Any CPU
		{A55BC858-FD43-431B-AB9D-DBFF8AD90962}.Release|Any CPU.Build.0 = Release|Any CPU
	EndGlobalSection
EndGlobal
